{
  "nodes": {
    "flake-compat": {
      "flake": false,
      "locked": {
        "lastModified": 1650374568,
        "narHash": "sha256-Z+s0J8/r907g149rllvwhb4pKi8Wam5ij0st8PwAh+E=",
        "owner": "edolstra",
        "repo": "flake-compat",
        "rev": "b4a34015c698c7793d592d66adbab377907a2be8",
        "type": "github"
      },
      "original": {
        "owner": "edolstra",
        "repo": "flake-compat",
        "type": "github"
      }
    },
    "flake-utils": {
      "locked": {
        "lastModified": 1652733177,
        "narHash": "sha256-mRpdBbVk8tbYVgEE6oTBbFT1vkVdF7EzaP7bMQ26wWA=",
        "owner": "numtide",
        "repo": "flake-utils",
        "rev": "04b4d989fda8f14e6fcd1fee631eab9c54d15b97",
        "type": "github"
      },
      "original": {
        "owner": "numtide",
        "repo": "flake-utils",
        "type": "github"
      }
    },
    "flake-utils_2": {
      "locked": {
        "lastModified": 1642700792,
        "narHash": "sha256-XqHrk7hFb+zBvRg6Ghl+AZDq03ov6OshJLiSWOoX5es=",
        "owner": "numtide",
        "repo": "flake-utils",
        "rev": "846b2ae0fc4cc943637d3d1def4454213e203cba",
        "type": "github"
      },
      "original": {
        "owner": "numtide",
        "repo": "flake-utils",
        "type": "github"
      }
    },
    "mach-nix": {
      "inputs": {
        "flake-utils": "flake-utils_2",
        "nixpkgs": [
          "nixpkgs"
        ],
        "pypi-deps-db": [
          "pypi-deps-db"
        ]
      },
      "locked": {
        "lastModified": 1643953409,
        "narHash": "sha256-CJDg/RpZdUVyI3QIAXUqIoYDl7VkxFtNE4JWih0ucKc=",
        "owner": "DavHau",
        "repo": "mach-nix",
        "rev": "fe5255e6fd8df57e9507b7af82fc59dda9e9ff2b",
        "type": "github"
      },
      "original": {
        "owner": "DavHau",
        "ref": "3.4.0",
        "repo": "mach-nix",
        "type": "github"
      }
    },
    "nixpkgs": {
      "locked": {
        "lastModified": 1638239011,
        "narHash": "sha256-AjhmbT4UBlJWqxY0ea8a6GU2C2HdKUREkG43oRr3TZg=",
        "owner": "NixOS",
        "repo": "nixpkgs",
        "rev": "a7ecde854aee5c4c7cd6177f54a99d2c1ff28a31",
        "type": "github"
      },
      "original": {
        "owner": "NixOS",
        "ref": "21.11",
        "repo": "nixpkgs",
        "type": "github"
      }
    },
    "nixpkgsPy36": {
      "locked": {
        "lastModified": 1601475821,
        "narHash": "sha256-7AI8j/xq5slauMGwC3Dp2K9TKDyDtBXBebeyWsE9euE=",
        "owner": "NixOS",
        "repo": "nixpkgs",
        "rev": "b4db68ff563895eea6aab4ff24fa04ef403dfe14",
        "type": "github"
      },
      "original": {
        "id": "nixpkgs",
        "rev": "b4db68ff563895eea6aab4ff24fa04ef403dfe14",
        "type": "indirect"
      }
    },
    "pypi-deps-db": {
      "inputs": {
        "mach-nix": [
          "mach-nix"
        ],
        "nixpkgs": [
          "nixpkgs"
        ],
        "nixpkgsPy36": "nixpkgsPy36",
        "pypiIndex": "pypiIndex"
      },
      "locked": {
        "lastModified": 1652601775,
        "narHash": "sha256-mrtgCheeR/RiqtjYIDhvLgbe/mF4Y5Lv3PRFNwGmQ3s=",
        "owner": "DavHau",
        "repo": "pypi-deps-db",
        "rev": "a1ff486da6bafcba0a5f64fec87a583d544ea374",
        "type": "github"
      },
      "original": {
        "owner": "DavHau",
        "repo": "pypi-deps-db",
        "rev": "a1ff486da6bafcba0a5f64fec87a583d544ea374",
        "type": "github"
      }
    },
    "pypiIndex": {
      "flake": false,
      "locked": {
        "lastModified": 1652591331,
        "narHash": "sha256-1+t1xdd1Y0sjW3KvH+beIy5FkmEWxbEz250tKEdbGZg=",
        "owner": "davhau",
        "repo": "nix-pypi-fetcher",
        "rev": "9cfa97baf8280bad142daef67bbcdd3b888b5254",
        "type": "github"
      },
      "original": {
        "owner": "davhau",
        "repo": "nix-pypi-fetcher",
        "type": "github"
      }
    },
    "root": {
      "inputs": {
        "flake-compat": "flake-compat",
        "flake-utils": "flake-utils",
        "mach-nix": "mach-nix",
        "nixpkgs": "nixpkgs",
        "pypi-deps-db": "pypi-deps-db"
      }
    }
  },
  "root": "root",
  "version": 7
}
